
Microsoft Visual Studio Solution File, Format Version 12.00
# Visual Studio 14
VisualStudioVersion = 14.0.25420.1
MinimumVisualStudioVersion = 10.0.40219.1
Project("{FAE04EC0-301F-11D3-BF4B-00C04F79EFBC}") = "Exam_Aviran_Ben_David", "Exam_Aviran_Ben_David\Exam_Aviran_Ben_David.csproj", "{1042CB64-F7CB-4572-9D06-6DB68A6907D9}"
EndProject
Global
	GlobalSection(SolutionConfigurationPlatforms) = preSolution
		Debug|Any CPU = Debug|Any CPU
		Release|Any CPU = Release|Any CPU
	EndGlobalSection
	GlobalSection(ProjectConfigurationPlatforms) = postSolution
		{1042CB64-F7CB-4572-9D06-6DB68A6907D9}.Debug|Any CPU.ActiveCfg = Debug|Any CPU
		{1042CB64-F7CB-4572-9D06-6DB68A6907D9}.Debug|Any CPU.Build.0 = Debug|Any CPU
		{1042CB64-F7CB-4572-9D06-6DB68A6907D9}.Release|Any CPU.ActiveCfg = Release|Any CPU
		{1042CB64-F7CB-4572-9D06-6DB68A6907D9}.Release|Any CPU.Build.0 = Release|Any CPU
	EndGlobalSection
	GlobalSection(SolutionProperties) = preSolution
		HideSolutionNode = FALSE
	EndGlobalSection
EndGlobal
